
Microsoft Visual Studio Solution File, Format Version 12.00
# Visual Studio Version 17
VisualStudioVersion = 17.1.32421.90
MinimumVisualStudioVersion = 10.0.40219.1
Project("{FAE04EC0-301F-11D3-BF4B-00C04F79EFBC}") = "BlazorEComerce.Server", "BlazorEComerce\Server\BlazorEComerce.Server.csproj", "{B99421E1-AB68-49B9-B64C-E0639B02D893}"
EndProject
Project("{FAE04EC0-301F-11D3-BF4B-00C04F79EFBC}") = "BlazorEComerce.Client", "BlazorEComerce\Client\BlazorEComerce.Client.csproj", "{DB5F839A-785C-4CFF-AE5D-145E54C37CC5}"
EndProject
Project("{FAE04EC0-301F-11D3-BF4B-00C04F79EFBC}") = "BlazorEComerce.Shared", "BlazorEComerce\Shared\BlazorEComerce.Shared.csproj", "{E0B41661-B877-4338-BE9D-EADB56CF652F}"
EndProject
Global
	GlobalSection(SolutionConfigurationPlatforms) = preSolution
		Debug|Any CPU = Debug|Any CPU
		Release|Any CPU = Release|Any CPU
	EndGlobalSection
	GlobalSection(ProjectConfigurationPlatforms) = postSolution
		{B99421E1-AB68-49B9-B64C-E0639B02D893}.Debug|Any CPU.ActiveCfg = Debug|Any CPU
		{B99421E1-AB68-49B9-B64C-E0639B02D893}.Debug|Any CPU.Build.0 = Debug|Any CPU
		{B99421E1-AB68-49B9-B64C-E0639B02D893}.Release|Any CPU.ActiveCfg = Release|Any CPU
		{B99421E1-AB68-49B9-B64C-E0639B02D893}.Release|Any CPU.Build.0 = Release|Any CPU
		{DB5F839A-785C-4CFF-AE5D-145E54C37CC5}.Debug|Any CPU.ActiveCfg = Debug|Any CPU
		{DB5F839A-785C-4CFF-AE5D-145E54C37CC5}.Debug|Any CPU.Build.0 = Debug|Any CPU
		{DB5F839A-785C-4CFF-AE5D-145E54C37CC5}.Release|Any CPU.ActiveCfg = Release|Any CPU
		{DB5F839A-785C-4CFF-AE5D-145E54C37CC5}.Release|Any CPU.Build.0 = Release|Any CPU
		{E0B41661-B877-4338-BE9D-EADB56CF652F}.Debug|Any CPU.ActiveCfg = Debug|Any CPU
		{E0B41661-B877-4338-BE9D-EADB56CF652F}.Debug|Any CPU.Build.0 = Debug|Any CPU
		{E0B41661-B877-4338-BE9D-EADB56CF652F}.Release|Any CPU.ActiveCfg = Release|Any CPU
		{E0B41661-B877-4338-BE9D-EADB56CF652F}.Release|Any CPU.Build.0 = Release|Any CPU
	EndGlobalSection
	GlobalSection(SolutionProperties) = preSolution
		HideSolutionNode = FALSE
	EndGlobalSection
	GlobalSection(ExtensibilityGlobals) = postSolution
		SolutionGuid = {FA5D4291-B36B-4498-AA8B-630FB6DC5A18}
	EndGlobalSection
EndGlobal
